
Microsoft Visual Studio Solution File, Format Version 12.00
# Visual Studio Version 17
VisualStudioVersion = 17.10.34804.81
MinimumVisualStudioVersion = 10.0.40219.1
Project("{FAE04EC0-301F-11D3-BF4B-00C04F79EFBC}") = "ConsoleApp-ParseData", "ConsoleApp-ParseData\ConsoleApp-ParseData.csproj", "{8085258C-83A1-4B76-B11A-245261AF2BFB}"
EndProject
Global
	GlobalSection(SolutionConfigurationPlatforms) = preSolution
		Debug|Any CPU = Debug|Any CPU
		Release|Any CPU = Release|Any CPU
	EndGlobalSection
	GlobalSection(ProjectConfigurationPlatforms) = postSolution
		{8085258C-83A1-4B76-B11A-245261AF2BFB}.Debug|Any CPU.ActiveCfg = Debug|Any CPU
		{8085258C-83A1-4B76-B11A-245261AF2BFB}.Debug|Any CPU.Build.0 = Debug|Any CPU
		{8085258C-83A1-4B76-B11A-245261AF2BFB}.Release|Any CPU.ActiveCfg = Release|Any CPU
		{8085258C-83A1-4B76-B11A-245261AF2BFB}.Release|Any CPU.Build.0 = Release|Any CPU
	EndGlobalSection
	GlobalSection(SolutionProperties) = preSolution
		HideSolutionNode = FALSE
	EndGlobalSection
	GlobalSection(ExtensibilityGlobals) = postSolution
		SolutionGuid = {23DBDA04-AF37-4A5A-BC33-683D8FD38391}
	EndGlobalSection
EndGlobal
